
Microsoft Visual Studio Solution File, Format Version 11.00
# Visual C++ Express 2010
Project("{8BC9CEB8-8B4A-11D0-8D11-00A0C91BC942}") = "CoProcessor", "CoProcessor\CoProcessor.vcxproj", "{D9F9B7FE-EFE3-48BC-8315-01697E1D061E}"
EndProject
Project("{8BC9CEB8-8B4A-11D0-8D11-00A0C91BC942}") = "drive", "drive\drive.vcxproj", "{E34906CE-61B6-4B75-9D35-3343F1105162}"
EndProject
Global
	GlobalSection(SolutionConfigurationPlatforms) = preSolution
		Debug|Win32 = Debug|Win32
		Release|Win32 = Release|Win32
	EndGlobalSection
	GlobalSection(ProjectConfigurationPlatforms) = postSolution
		{D9F9B7FE-EFE3-48BC-8315-01697E1D061E}.Debug|Win32.ActiveCfg = Debug|Win32
		{D9F9B7FE-EFE3-48BC-8315-01697E1D061E}.Debug|Win32.Build.0 = Debug|Win32
		{D9F9B7FE-EFE3-48BC-8315-01697E1D061E}.Release|Win32.ActiveCfg = Release|Win32
		{D9F9B7FE-EFE3-48BC-8315-01697E1D061E}.Release|Win32.Build.0 = Release|Win32
		{E34906CE-61B6-4B75-9D35-3343F1105162}.Debug|Win32.ActiveCfg = Debug|Win32
		{E34906CE-61B6-4B75-9D35-3343F1105162}.Debug|Win32.Build.0 = Debug|Win32
		{E34906CE-61B6-4B75-9D35-3343F1105162}.Release|Win32.ActiveCfg = Release|Win32
		{E34906CE-61B6-4B75-9D35-3343F1105162}.Release|Win32.Build.0 = Release|Win32
	EndGlobalSection
	GlobalSection(SolutionProperties) = preSolution
		HideSolutionNode = FALSE
	EndGlobalSection
EndGlobal
